
Microsoft Visual Studio Solution File, Format Version 12.00
# Visual Studio Version 16
VisualStudioVersion = 16.0.30011.22
MinimumVisualStudioVersion = 10.0.40219.1
Project("{9A19103F-16F7-4668-BE54-9A1E7A4F7556}") = "ConsoleLoader", "ConsoleLoader\ConsoleLoader.csproj", "{5AB59094-F7E4-446F-9204-DB3B67B7E2FE}"
EndProject
Project("{FAE04EC0-301F-11D3-BF4B-00C04F79EFBC}") = "Lab1View", "Lab1View\Lab1View.csproj", "{33DE1556-799D-452E-8679-9E85641B9D25}"
EndProject
Project("{FAE04EC0-301F-11D3-BF4B-00C04F79EFBC}") = "RegexTextBoxLib", "RegularExpressionTextBoxLib\RegexTextBoxLib.csproj", "{7C70A76F-BD16-4EF4-A568-89233084D589}"
EndProject
Project("{FAE04EC0-301F-11D3-BF4B-00C04F79EFBC}") = "Model", "Lab1Model_DotNetFramework472\Lab1Model\Lab1Model\Model.csproj", "{53FA8DCA-1E91-4813-9C13-A8EDAAAE2CB5}"
EndProject
Project("{FAE04EC0-301F-11D3-BF4B-00C04F79EFBC}") = "PositiveDoubleTextBoxLib", "PositiveDoubleTextBox\PositiveDoubleTextBoxLib.csproj", "{9C0024AF-B855-4CA0-BC5D-00FEAF516399}"
EndProject
Global
	GlobalSection(SolutionConfigurationPlatforms) = preSolution
		Debug|Any CPU = Debug|Any CPU
		Release|Any CPU = Release|Any CPU
	EndGlobalSection
	GlobalSection(ProjectConfigurationPlatforms) = postSolution
		{5AB59094-F7E4-446F-9204-DB3B67B7E2FE}.Debug|Any CPU.ActiveCfg = Debug|Any CPU
		{5AB59094-F7E4-446F-9204-DB3B67B7E2FE}.Debug|Any CPU.Build.0 = Debug|Any CPU
		{5AB59094-F7E4-446F-9204-DB3B67B7E2FE}.Release|Any CPU.ActiveCfg = Release|Any CPU
		{5AB59094-F7E4-446F-9204-DB3B67B7E2FE}.Release|Any CPU.Build.0 = Release|Any CPU
		{33DE1556-799D-452E-8679-9E85641B9D25}.Debug|Any CPU.ActiveCfg = Debug|Any CPU
		{33DE1556-799D-452E-8679-9E85641B9D25}.Debug|Any CPU.Build.0 = Debug|Any CPU
		{33DE1556-799D-452E-8679-9E85641B9D25}.Release|Any CPU.ActiveCfg = Release|Any CPU
		{33DE1556-799D-452E-8679-9E85641B9D25}.Release|Any CPU.Build.0 = Release|Any CPU
		{7C70A76F-BD16-4EF4-A568-89233084D589}.Debug|Any CPU.ActiveCfg = Debug|Any CPU
		{7C70A76F-BD16-4EF4-A568-89233084D589}.Debug|Any CPU.Build.0 = Debug|Any CPU
		{7C70A76F-BD16-4EF4-A568-89233084D589}.Release|Any CPU.ActiveCfg = Release|Any CPU
		{7C70A76F-BD16-4EF4-A568-89233084D589}.Release|Any CPU.Build.0 = Release|Any CPU
		{53FA8DCA-1E91-4813-9C13-A8EDAAAE2CB5}.Debug|Any CPU.ActiveCfg = Debug|Any CPU
		{53FA8DCA-1E91-4813-9C13-A8EDAAAE2CB5}.Debug|Any CPU.Build.0 = Debug|Any CPU
		{53FA8DCA-1E91-4813-9C13-A8EDAAAE2CB5}.Release|Any CPU.ActiveCfg = Release|Any CPU
		{53FA8DCA-1E91-4813-9C13-A8EDAAAE2CB5}.Release|Any CPU.Build.0 = Release|Any CPU
		{9C0024AF-B855-4CA0-BC5D-00FEAF516399}.Debug|Any CPU.ActiveCfg = Debug|Any CPU
		{9C0024AF-B855-4CA0-BC5D-00FEAF516399}.Debug|Any CPU.Build.0 = Debug|Any CPU
		{9C0024AF-B855-4CA0-BC5D-00FEAF516399}.Release|Any CPU.ActiveCfg = Release|Any CPU
		{9C0024AF-B855-4CA0-BC5D-00FEAF516399}.Release|Any CPU.Build.0 = Release|Any CPU
	EndGlobalSection
	GlobalSection(SolutionProperties) = preSolution
		HideSolutionNode = FALSE
	EndGlobalSection
	GlobalSection(ExtensibilityGlobals) = postSolution
		SolutionGuid = {2297C68C-71F8-414A-884F-8445B5F1E026}
	EndGlobalSection
EndGlobal
